Microsoft Visual Studio Solution File, Format Version 12.00
# Visual Studio 2012
Project("{FAE04EC0-301F-11D3-BF4B-00C04F79EFBC}") = "Group Game Dev", "Group Game Dev.csproj", "{89AD05A6-31D3-43F8-835B-4B9E1D201DB0}"
EndProject
Global
	GlobalSection(SolutionConfigurationPlatforms) = preSolution
	Debug|Any CPU = Debug|Any CPU
	ExportDebug|Any CPU = ExportDebug|Any CPU
	ExportRelease|Any CPU = ExportRelease|Any CPU
	EndGlobalSection
	GlobalSection(ProjectConfigurationPlatforms) = postSolution
		{89AD05A6-31D3-43F8-835B-4B9E1D201DB0}.Debug|Any CPU.ActiveCfg = Debug|Any CPU
		{89AD05A6-31D3-43F8-835B-4B9E1D201DB0}.Debug|Any CPU.Build.0 = Debug|Any CPU
		{89AD05A6-31D3-43F8-835B-4B9E1D201DB0}.ExportDebug|Any CPU.ActiveCfg = ExportDebug|Any CPU
		{89AD05A6-31D3-43F8-835B-4B9E1D201DB0}.ExportDebug|Any CPU.Build.0 = ExportDebug|Any CPU
		{89AD05A6-31D3-43F8-835B-4B9E1D201DB0}.ExportRelease|Any CPU.ActiveCfg = ExportRelease|Any CPU
		{89AD05A6-31D3-43F8-835B-4B9E1D201DB0}.ExportRelease|Any CPU.Build.0 = ExportRelease|Any CPU
	EndGlobalSection
EndGlobal
